
Microsoft Visual Studio Solution File, Format Version 12.00
# Visual Studio 15
VisualStudioVersion = 15.0.28010.2036
MinimumVisualStudioVersion = 10.0.40219.1
Project("{FAE04EC0-301F-11D3-BF4B-00C04F79EFBC}") = "Cursach", "Cursach\Cursach.csproj", "{12686E5D-7F5F-43F7-AAD9-B416EC4ACC48}"
EndProject
Global
	GlobalSection(SolutionConfigurationPlatforms) = preSolution
		Debug|Any CPU = Debug|Any CPU
		Release|Any CPU = Release|Any CPU
	EndGlobalSection
	GlobalSection(ProjectConfigurationPlatforms) = postSolution
		{12686E5D-7F5F-43F7-AAD9-B416EC4ACC48}.Debug|Any CPU.ActiveCfg = Debug|Any CPU
		{12686E5D-7F5F-43F7-AAD9-B416EC4ACC48}.Debug|Any CPU.Build.0 = Debug|Any CPU
		{12686E5D-7F5F-43F7-AAD9-B416EC4ACC48}.Release|Any CPU.ActiveCfg = Release|Any CPU
		{12686E5D-7F5F-43F7-AAD9-B416EC4ACC48}.Release|Any CPU.Build.0 = Release|Any CPU
	EndGlobalSection
	GlobalSection(SolutionProperties) = preSolution
		HideSolutionNode = FALSE
	EndGlobalSection
	GlobalSection(ExtensibilityGlobals) = postSolution
		SolutionGuid = {537266AD-1E60-4163-81E5-FA0820995E27}
	EndGlobalSection
EndGlobal
